
Microsoft Visual Studio Solution File, Format Version 12.00
# Visual Studio 2013
VisualStudioVersion = 12.0.21005.1
MinimumVisualStudioVersion = 10.0.40219.1
Project("{8BC9CEB8-8B4A-11D0-8D11-00A0C91BC942}") = "1160 Crescimento Populacional", "1160 Crescimento Populacional\1160 Crescimento Populacional.vcxproj", "{FA00AA47-7D69-4AF9-B7D6-4A3C09E585BE}"
EndProject
Global
	GlobalSection(SolutionConfigurationPlatforms) = preSolution
		Debug|Win32 = Debug|Win32
		Release|Win32 = Release|Win32
	EndGlobalSection
	GlobalSection(ProjectConfigurationPlatforms) = postSolution
		{FA00AA47-7D69-4AF9-B7D6-4A3C09E585BE}.Debug|Win32.ActiveCfg = Debug|Win32
		{FA00AA47-7D69-4AF9-B7D6-4A3C09E585BE}.Debug|Win32.Build.0 = Debug|Win32
		{FA00AA47-7D69-4AF9-B7D6-4A3C09E585BE}.Release|Win32.ActiveCfg = Release|Win32
		{FA00AA47-7D69-4AF9-B7D6-4A3C09E585BE}.Release|Win32.Build.0 = Release|Win32
	EndGlobalSection
	GlobalSection(SolutionProperties) = preSolution
		HideSolutionNode = FALSE
	EndGlobalSection
EndGlobal
